
Microsoft Visual Studio Solution File, Format Version 12.00
# Visual Studio Version 17
VisualStudioVersion = 17.7.34202.233
MinimumVisualStudioVersion = 10.0.40219.1
Project("{FAE04EC0-301F-11D3-BF4B-00C04F79EFBC}") = "studycase26", "studycase26\studycase26.csproj", "{0380D39C-FB95-4B3E-9454-7E8F027943EF}"
EndProject
Global
	GlobalSection(SolutionConfigurationPlatforms) = preSolution
		Debug|Any CPU = Debug|Any CPU
		Release|Any CPU = Release|Any CPU
	EndGlobalSection
	GlobalSection(ProjectConfigurationPlatforms) = postSolution
		{0380D39C-FB95-4B3E-9454-7E8F027943EF}.Debug|Any CPU.ActiveCfg = Debug|Any CPU
		{0380D39C-FB95-4B3E-9454-7E8F027943EF}.Debug|Any CPU.Build.0 = Debug|Any CPU
		{0380D39C-FB95-4B3E-9454-7E8F027943EF}.Release|Any CPU.ActiveCfg = Release|Any CPU
		{0380D39C-FB95-4B3E-9454-7E8F027943EF}.Release|Any CPU.Build.0 = Release|Any CPU
	EndGlobalSection
	GlobalSection(SolutionProperties) = preSolution
		HideSolutionNode = FALSE
	EndGlobalSection
	GlobalSection(ExtensibilityGlobals) = postSolution
		SolutionGuid = {B7242D63-D1E7-44B7-82C2-C2C921F53C7F}
	EndGlobalSection
EndGlobal
