
Microsoft Visual Studio Solution File, Format Version 12.00
# Visual Studio Version 17
VisualStudioVersion = 17.7.34202.233
MinimumVisualStudioVersion = 10.0.40219.1
Project("{FAE04EC0-301F-11D3-BF4B-00C04F79EFBC}") = "studycase19", "studycase19\studycase19.csproj", "{9A33DA1E-DF8E-4557-B7E3-0775EDDA1978}"
EndProject
Global
	GlobalSection(SolutionConfigurationPlatforms) = preSolution
		Debug|Any CPU = Debug|Any CPU
		Release|Any CPU = Release|Any CPU
	EndGlobalSection
	GlobalSection(ProjectConfigurationPlatforms) = postSolution
		{9A33DA1E-DF8E-4557-B7E3-0775EDDA1978}.Debug|Any CPU.ActiveCfg = Debug|Any CPU
		{9A33DA1E-DF8E-4557-B7E3-0775EDDA1978}.Debug|Any CPU.Build.0 = Debug|Any CPU
		{9A33DA1E-DF8E-4557-B7E3-0775EDDA1978}.Release|Any CPU.ActiveCfg = Release|Any CPU
		{9A33DA1E-DF8E-4557-B7E3-0775EDDA1978}.Release|Any CPU.Build.0 = Release|Any CPU
	EndGlobalSection
	GlobalSection(SolutionProperties) = preSolution
		HideSolutionNode = FALSE
	EndGlobalSection
	GlobalSection(ExtensibilityGlobals) = postSolution
		SolutionGuid = {C56CC834-A484-4E6D-89E2-B71AFD2F2E31}
	EndGlobalSection
EndGlobal
