
Microsoft Visual Studio Solution File, Format Version 12.00
# Visual Studio Version 17
VisualStudioVersion = 17.7.34202.233
MinimumVisualStudioVersion = 10.0.40219.1
Project("{FAE04EC0-301F-11D3-BF4B-00C04F79EFBC}") = "studycase27", "studycase27\studycase27.csproj", "{98336BA7-D7A3-4741-8F5F-502D001EF687}"
EndProject
Global
	GlobalSection(SolutionConfigurationPlatforms) = preSolution
		Debug|Any CPU = Debug|Any CPU
		Release|Any CPU = Release|Any CPU
	EndGlobalSection
	GlobalSection(ProjectConfigurationPlatforms) = postSolution
		{98336BA7-D7A3-4741-8F5F-502D001EF687}.Debug|Any CPU.ActiveCfg = Debug|Any CPU
		{98336BA7-D7A3-4741-8F5F-502D001EF687}.Debug|Any CPU.Build.0 = Debug|Any CPU
		{98336BA7-D7A3-4741-8F5F-502D001EF687}.Release|Any CPU.ActiveCfg = Release|Any CPU
		{98336BA7-D7A3-4741-8F5F-502D001EF687}.Release|Any CPU.Build.0 = Release|Any CPU
	EndGlobalSection
	GlobalSection(SolutionProperties) = preSolution
		HideSolutionNode = FALSE
	EndGlobalSection
	GlobalSection(ExtensibilityGlobals) = postSolution
		SolutionGuid = {1626D8F7-6B16-4192-BBB9-68AB4D4E1601}
	EndGlobalSection
EndGlobal
