
Microsoft Visual Studio Solution File, Format Version 12.00
# Visual Studio Version 17
VisualStudioVersion = 17.7.34202.233
MinimumVisualStudioVersion = 10.0.40219.1
Project("{FAE04EC0-301F-11D3-BF4B-00C04F79EFBC}") = "studycase24", "studycase24\studycase24.csproj", "{A1627FD9-1923-4257-B9A1-DB8A0348550F}"
EndProject
Global
	GlobalSection(SolutionConfigurationPlatforms) = preSolution
		Debug|Any CPU = Debug|Any CPU
		Release|Any CPU = Release|Any CPU
	EndGlobalSection
	GlobalSection(ProjectConfigurationPlatforms) = postSolution
		{A1627FD9-1923-4257-B9A1-DB8A0348550F}.Debug|Any CPU.ActiveCfg = Debug|Any CPU
		{A1627FD9-1923-4257-B9A1-DB8A0348550F}.Debug|Any CPU.Build.0 = Debug|Any CPU
		{A1627FD9-1923-4257-B9A1-DB8A0348550F}.Release|Any CPU.ActiveCfg = Release|Any CPU
		{A1627FD9-1923-4257-B9A1-DB8A0348550F}.Release|Any CPU.Build.0 = Release|Any CPU
	EndGlobalSection
	GlobalSection(SolutionProperties) = preSolution
		HideSolutionNode = FALSE
	EndGlobalSection
	GlobalSection(ExtensibilityGlobals) = postSolution
		SolutionGuid = {7B680919-D0A7-498D-8F8D-CCBF2C83F59C}
	EndGlobalSection
EndGlobal
