
Microsoft Visual Studio Solution File, Format Version 12.00
# Visual Studio Version 17
VisualStudioVersion = 17.7.34202.233
MinimumVisualStudioVersion = 10.0.40219.1
Project("{FAE04EC0-301F-11D3-BF4B-00C04F79EFBC}") = "studycase16", "studycase16\studycase16.csproj", "{8A5F85C5-17EA-4384-A6CB-A376D367897D}"
EndProject
Global
	GlobalSection(SolutionConfigurationPlatforms) = preSolution
		Debug|Any CPU = Debug|Any CPU
		Release|Any CPU = Release|Any CPU
	EndGlobalSection
	GlobalSection(ProjectConfigurationPlatforms) = postSolution
		{8A5F85C5-17EA-4384-A6CB-A376D367897D}.Debug|Any CPU.ActiveCfg = Debug|Any CPU
		{8A5F85C5-17EA-4384-A6CB-A376D367897D}.Debug|Any CPU.Build.0 = Debug|Any CPU
		{8A5F85C5-17EA-4384-A6CB-A376D367897D}.Release|Any CPU.ActiveCfg = Release|Any CPU
		{8A5F85C5-17EA-4384-A6CB-A376D367897D}.Release|Any CPU.Build.0 = Release|Any CPU
	EndGlobalSection
	GlobalSection(SolutionProperties) = preSolution
		HideSolutionNode = FALSE
	EndGlobalSection
	GlobalSection(ExtensibilityGlobals) = postSolution
		SolutionGuid = {AF4F6B23-03AF-47F4-A1A0-8EA7A43B8A23}
	EndGlobalSection
EndGlobal
