
Microsoft Visual Studio Solution File, Format Version 12.00
# Visual Studio Version 17
VisualStudioVersion = 17.7.34202.233
MinimumVisualStudioVersion = 10.0.40219.1
Project("{FAE04EC0-301F-11D3-BF4B-00C04F79EFBC}") = "studycase22", "studycase22\studycase22.csproj", "{AA24A489-4FA6-45E4-ADE3-806183B960F6}"
EndProject
Global
	GlobalSection(SolutionConfigurationPlatforms) = preSolution
		Debug|Any CPU = Debug|Any CPU
		Release|Any CPU = Release|Any CPU
	EndGlobalSection
	GlobalSection(ProjectConfigurationPlatforms) = postSolution
		{AA24A489-4FA6-45E4-ADE3-806183B960F6}.Debug|Any CPU.ActiveCfg = Debug|Any CPU
		{AA24A489-4FA6-45E4-ADE3-806183B960F6}.Debug|Any CPU.Build.0 = Debug|Any CPU
		{AA24A489-4FA6-45E4-ADE3-806183B960F6}.Release|Any CPU.ActiveCfg = Release|Any CPU
		{AA24A489-4FA6-45E4-ADE3-806183B960F6}.Release|Any CPU.Build.0 = Release|Any CPU
	EndGlobalSection
	GlobalSection(SolutionProperties) = preSolution
		HideSolutionNode = FALSE
	EndGlobalSection
	GlobalSection(ExtensibilityGlobals) = postSolution
		SolutionGuid = {19F3CAB6-9B3D-4C90-9897-C36A96E6C3B8}
	EndGlobalSection
EndGlobal
