
Microsoft Visual Studio Solution File, Format Version 12.00
# Visual Studio Version 17
VisualStudioVersion = 17.7.34202.233
MinimumVisualStudioVersion = 10.0.40219.1
Project("{FAE04EC0-301F-11D3-BF4B-00C04F79EFBC}") = "studycase15", "studycase15\studycase15.csproj", "{1E1F92CE-854F-445E-87BA-AA5E6736F45E}"
EndProject
Global
	GlobalSection(SolutionConfigurationPlatforms) = preSolution
		Debug|Any CPU = Debug|Any CPU
		Release|Any CPU = Release|Any CPU
	EndGlobalSection
	GlobalSection(ProjectConfigurationPlatforms) = postSolution
		{1E1F92CE-854F-445E-87BA-AA5E6736F45E}.Debug|Any CPU.ActiveCfg = Debug|Any CPU
		{1E1F92CE-854F-445E-87BA-AA5E6736F45E}.Debug|Any CPU.Build.0 = Debug|Any CPU
		{1E1F92CE-854F-445E-87BA-AA5E6736F45E}.Release|Any CPU.ActiveCfg = Release|Any CPU
		{1E1F92CE-854F-445E-87BA-AA5E6736F45E}.Release|Any CPU.Build.0 = Release|Any CPU
	EndGlobalSection
	GlobalSection(SolutionProperties) = preSolution
		HideSolutionNode = FALSE
	EndGlobalSection
	GlobalSection(ExtensibilityGlobals) = postSolution
		SolutionGuid = {5800FFB4-5AE7-4749-9E41-FF331080E9EF}
	EndGlobalSection
EndGlobal
